// !$*UTF8*$!
{
	archiveVersion = 1;
	classes = {
	};
	objectVersion = 46;
	objects = {

/* Begin PBXBuildFile section */
		39027B331CA3C23B00559394 /* main.m in Sources */ = {isa = PBXBuildFile; fileRef = 39027B321CA3C23B00559394 /* main.m */; };
		39027B361CA3C23B00559394 /* AppDelegate.m in Sources */ = {isa = PBXBuildFile; fileRef = 39027B351CA3C23B00559394 /* AppDelegate.m */; };
		39027B391CA3C23B00559394 /* ViewController.m in Sources */ = {isa = PBXBuildFile; fileRef = 39027B381CA3C23B00559394 /* ViewController.m */; };
		39027B3C1CA3C23B00559394 /* Main.storyboard in Resources */ = {isa = PBXBuildFile; fileRef = 39027B3A1CA3C23B00559394 /* Main.storyboard */; };
		39027B3E1CA3C23B00559394 /* Assets.xcassets in Resources */ = {isa = PBXBuildFile; fileRef = 39027B3D1CA3C23B00559394 /* Assets.xcassets */; };
		39027B411CA3C23B00559394 /* LaunchScreen.storyboard in Resources */ = {isa = PBXBuildFile; fileRef = 39027B3F1CA3C23B00559394 /* LaunchScreen.storyboard */; };
		39027B4C1CA3C23B00559394 /* _______DemoTests.m in Sources */ = {isa = PBXBuildFile; fileRef = 39027B4B1CA3C23B00559394 /* _______DemoTests.m */; };
		39027B571CA3C23B00559394 /* _______DemoUITests.m in Sources */ = {isa = PBXBuildFile; fileRef = 39027B561CA3C23B00559394 /* _______DemoUITests.m */; };
		39027B661CA3C27D00559394 /* MNTopTitleBar.m in Sources */ = {isa = PBXBuildFile; fileRef = 39027B651CA3C27D00559394 /* MNTopTitleBar.m */; };
		39027B691CA3C45600559394 /* UIView+Extension.m in Sources */ = {isa = PBXBuildFile; fileRef = 39027B681CA3C45600559394 /* UIView+Extension.m */; };
		39027B6C1CA3F08100559394 /* YJTabPageView.m in Sources */ = {isa = PBXBuildFile; fileRef = 39027B6B1CA3F08100559394 /* YJTabPageView.m */; };
		39027B6F1CA3F0BB00559394 /* YJTestViewController.m in Sources */ = {isa = PBXBuildFile; fileRef = 39027B6E1CA3F0BB00559394 /* YJTestViewController.m */; };
		39027B9D1CA407AC00559394 /* MJRefreshAutoFooter.m in Sources */ = {isa = PBXBuildFile; fileRef = 39027B731CA407AC00559394 /* MJRefreshAutoFooter.m */; };
		39027B9E1CA407AC00559394 /* MJRefreshBackFooter.m in Sources */ = {isa = PBXBuildFile; fileRef = 39027B751CA407AC00559394 /* MJRefreshBackFooter.m */; };
		39027B9F1CA407AC00559394 /* MJRefreshComponent.m in Sources */ = {isa = PBXBuildFile; fileRef = 39027B771CA407AC00559394 /* MJRefreshComponent.m */; };
		39027BA01CA407AC00559394 /* MJRefreshFooter.m in Sources */ = {isa = PBXBuildFile; fileRef = 39027B791CA407AC00559394 /* MJRefreshFooter.m */; };
		39027BA11CA407AC00559394 /* MJRefreshHeader.m in Sources */ = {isa = PBXBuildFile; fileRef = 39027B7B1CA407AC00559394 /* MJRefreshHeader.m */; };
		39027BA21CA407AC00559394 /* MJRefreshAutoGifFooter.m in Sources */ = {isa = PBXBuildFile; fileRef = 39027B801CA407AC00559394 /* MJRefreshAutoGifFooter.m */; };
		39027BA31CA407AC00559394 /* MJRefreshAutoNormalFooter.m in Sources */ = {isa = PBXBuildFile; fileRef = 39027B821CA407AC00559394 /* MJRefreshAutoNormalFooter.m */; };
		39027BA41CA407AC00559394 /* MJRefreshAutoStateFooter.m in Sources */ = {isa = PBXBuildFile; fileRef = 39027B841CA407AC00559394 /* MJRefreshAutoStateFooter.m */; };
		39027BA51CA407AC00559394 /* MJRefreshBackGifFooter.m in Sources */ = {isa = PBXBuildFile; fileRef = 39027B871CA407AC00559394 /* MJRefreshBackGifFooter.m */; };
		39027BA61CA407AC00559394 /* MJRefreshBackNormalFooter.m in Sources */ = {isa = PBXBuildFile; fileRef = 39027B891CA407AC00559394 /* MJRefreshBackNormalFooter.m */; };
		39027BA71CA407AC00559394 /* MJRefreshBackStateFooter.m in Sources */ = {isa = PBXBuildFile; fileRef = 39027B8B1CA407AC00559394 /* MJRefreshBackStateFooter.m */; };
		39027BA81CA407AC00559394 /* MJRefreshGifHeader.m in Sources */ = {isa = PBXBuildFile; fileRef = 39027B8E1CA407AC00559394 /* MJRefreshGifHeader.m */; };
		39027BA91CA407AC00559394 /* MJRefreshNormalHeader.m in Sources */ = {isa = PBXBuildFile; fileRef = 39027B901CA407AC00559394 /* MJRefreshNormalHeader.m */; };
		39027BAA1CA407AC00559394 /* MJRefreshStateHeader.m in Sources */ = {isa = PBXBuildFile; fileRef = 39027B921CA407AC00559394 /* MJRefreshStateHeader.m */; };
		39027BAB1CA407AC00559394 /* MJRefresh.bundle in Resources */ = {isa = PBXBuildFile; fileRef = 39027B931CA407AC00559394 /* MJRefresh.bundle */; };
		39027BAC1CA407AC00559394 /* MJRefreshConst.m in Sources */ = {isa = PBXBuildFile; fileRef = 39027B961CA407AC00559394 /* MJRefreshConst.m */; };
		39027BAD1CA407AC00559394 /* UIScrollView+MJExtension.m in Sources */ = {isa = PBXBuildFile; fileRef = 39027B981CA407AC00559394 /* UIScrollView+MJExtension.m */; };
		39027BAE1CA407AC00559394 /* UIScrollView+MJRefresh.m in Sources */ = {isa = PBXBuildFile; fileRef = 39027B9A1CA407AC00559394 /* UIScrollView+MJRefresh.m */; };
		39027BAF1CA407AC00559394 /* UIView+MJExtension.m in Sources */ = {isa = PBXBuildFile; fileRef = 39027B9C1CA407AC00559394 /* UIView+MJExtension.m */; };
/* End PBXBuildFile section */

/* Begin PBXContainerItemProxy section */
		39027B481CA3C23B00559394 /* PBXContainerItemProxy */ = {
			isa = PBXContainerItemProxy;
			containerPortal = 39027B261CA3C23A00559394 /* Project object */;
			proxyType = 1;
			remoteGlobalIDString = 39027B2D1CA3C23A00559394;
			remoteInfo = "鲜闻基础架构-Demo";
		};
		39027B531CA3C23B00559394 /* PBXContainerItemProxy */ = {
			isa = PBXContainerItemProxy;
			containerPortal = 39027B261CA3C23A00559394 /* Project object */;
			proxyType = 1;
			remoteGlobalIDString = 39027B2D1CA3C23A00559394;
			remoteInfo = "鲜闻基础架构-Demo";
		};
/* End PBXContainerItemProxy section */

/* Begin PBXFileReference section */
		39027B2E1CA3C23A00559394 /* 鲜闻基础架构-Demo.app */ = {isa = PBXFileReference; explicitFileType = wrapper.application; includeInIndex = 0; path = "鲜闻基础架构-Demo.app"; sourceTree = BUILT_PRODUCTS_DIR; };
		39027B321CA3C23B00559394 /* main.m */ = {isa = PBXFileReference; lastKnownFileType = sourcecode.c.objc; path = main.m; sourceTree = "<group>"; };
		39027B341CA3C23B00559394 /* AppDelegate.h */ = {isa = PBXFileReference; lastKnownFileType = sourcecode.c.h; path = AppDelegate.h; sourceTree = "<group>"; };
		39027B351CA3C23B00559394 /* AppDelegate.m */ = {isa = PBXFileReference; lastKnownFileType = sourcecode.c.objc; path = AppDelegate.m; sourceTree = "<group>"; };
		39027B371CA3C23B00559394 /* ViewController.h */ = {isa = PBXFileReference; lastKnownFileType = sourcecode.c.h; path = ViewController.h; sourceTree = "<group>"; };
		39027B381CA3C23B00559394 /* ViewController.m */ = {isa = PBXFileReference; lastKnownFileType = sourcecode.c.objc; path = ViewController.m; sourceTree = "<group>"; };
		39027B3B1CA3C23B00559394 /* Base */ = {isa = PBXFileReference; lastKnownFileType = file.storyboard; name = Base; path = Base.lproj/Main.storyboard; sourceTree = "<group>"; };
		39027B3D1CA3C23B00559394 /* Assets.xcassets */ = {isa = PBXFileReference; lastKnownFileType = folder.assetcatalog; path = Assets.xcassets; sourceTree = "<group>"; };
		39027B401CA3C23B00559394 /* Base */ = {isa = PBXFileReference; lastKnownFileType = file.storyboard; name = Base; path = Base.lproj/LaunchScreen.storyboard; sourceTree = "<group>"; };
		39027B421CA3C23B00559394 /* Info.plist */ = {isa = PBXFileReference; lastKnownFileType = text.plist.xml; path = Info.plist; sourceTree = "<group>"; };
		39027B471CA3C23B00559394 /* 鲜闻基础架构-DemoTests.xctest */ = {isa = PBXFileReference; explicitFileType = wrapper.cfbundle; includeInIndex = 0; path = "鲜闻基础架构-DemoTests.xctest"; sourceTree = BUILT_PRODUCTS_DIR; };
		39027B4B1CA3C23B00559394 /* _______DemoTests.m */ = {isa = PBXFileReference; lastKnownFileType = sourcecode.c.objc; path = "_______DemoTests.m"; sourceTree = "<group>"; };
		39027B4D1CA3C23B00559394 /* Info.plist */ = {isa = PBXFileReference; lastKnownFileType = text.plist.xml; path = Info.plist; sourceTree = "<group>"; };
		39027B521CA3C23B00559394 /* 鲜闻基础架构-DemoUITests.xctest */ = {isa = PBXFileReference; explicitFileType = wrapper.cfbundle; includeInIndex = 0; path = "鲜闻基础架构-DemoUITests.xctest"; sourceTree = BUILT_PRODUCTS_DIR; };
		39027B561CA3C23B00559394 /* _______DemoUITests.m */ = {isa = PBXFileReference; lastKnownFileType = sourcecode.c.objc; path = "_______DemoUITests.m"; sourceTree = "<group>"; };
		39027B581CA3C23B00559394 /* Info.plist */ = {isa = PBXFileReference; lastKnownFileType = text.plist.xml; path = Info.plist; sourceTree = "<group>"; };
		39027B641CA3C27D00559394 /* MNTopTitleBar.h */ = {isa = PBXFileReference; fileEncoding = 4; lastKnownFileType = sourcecode.c.h; path = MNTopTitleBar.h; sourceTree = "<group>"; };
		39027B651CA3C27D00559394 /* MNTopTitleBar.m */ = {isa = PBXFileReference; fileEncoding = 4; lastKnownFileType = sourcecode.c.objc; path = MNTopTitleBar.m; sourceTree = "<group>"; };
		39027B671CA3C45600559394 /* UIView+Extension.h */ = {isa = PBXFileReference; fileEncoding = 4; lastKnownFileType = sourcecode.c.h; path = "UIView+Extension.h"; sourceTree = "<group>"; };
		39027B681CA3C45600559394 /* UIView+Extension.m */ = {isa = PBXFileReference; fileEncoding = 4; lastKnownFileType = sourcecode.c.objc; path = "UIView+Extension.m"; sourceTree = "<group>"; };
		39027B6A1CA3F08100559394 /* YJTabPageView.h */ = {isa = PBXFileReference; fileEncoding = 4; lastKnownFileType = sourcecode.c.h; path = YJTabPageView.h; sourceTree = "<group>"; };
		39027B6B1CA3F08100559394 /* YJTabPageView.m */ = {isa = PBXFileReference; fileEncoding = 4; lastKnownFileType = sourcecode.c.objc; path = YJTabPageView.m; sourceTree = "<group>"; };
		39027B6D1CA3F0BB00559394 /* YJTestViewController.h */ = {isa = PBXFileReference; fileEncoding = 4; lastKnownFileType = sourcecode.c.h; path = YJTestViewController.h; sourceTree = "<group>"; };
		39027B6E1CA3F0BB00559394 /* YJTestViewController.m */ = {isa = PBXFileReference; fileEncoding = 4; lastKnownFileType = sourcecode.c.objc; path = YJTestViewController.m; sourceTree = "<group>"; };
		39027B721CA407AC00559394 /* MJRefreshAutoFooter.h */ = {isa = PBXFileReference; fileEncoding = 4; lastKnownFileType = sourcecode.c.h; path = MJRefreshAutoFooter.h; sourceTree = "<group>"; };
		39027B731CA407AC00559394 /* MJRefreshAutoFooter.m */ = {isa = PBXFileReference; fileEncoding = 4; lastKnownFileType = sourcecode.c.objc; path = MJRefreshAutoFooter.m; sourceTree = "<group>"; };
		39027B741CA407AC00559394 /* MJRefreshBackFooter.h */ = {isa = PBXFileReference; fileEncoding = 4; lastKnownFileType = sourcecode.c.h; path = MJRefreshBackFooter.h; sourceTree = "<group>"; };
		39027B751CA407AC00559394 /* MJRefreshBackFooter.m */ = {isa = PBXFileReference; fileEncoding = 4; lastKnownFileType = sourcecode.c.objc; path = MJRefreshBackFooter.m; sourceTree = "<group>"; };
		39027B761CA407AC00559394 /* MJRefreshComponent.h */ = {isa = PBXFileReference; fileEncoding = 4; lastKnownFileType = sourcecode.c.h; path = MJRefreshComponent.h; sourceTree = "<group>"; };
		39027B771CA407AC00559394 /* MJRefreshComponent.m */ = {isa = PBXFileReference; fileEncoding = 4; lastKnownFileType = sourcecode.c.objc; path = MJRefreshComponent.m; sourceTree = "<group>"; };
		39027B781CA407AC00559394 /* MJRefreshFooter.h */ = {isa = PBXFileReference; fileEncoding = 4; lastKnownFileType = sourcecode.c.h; path = MJRefreshFooter.h; sourceTree = "<group>"; };
		39027B791CA407AC00559394 /* MJRefreshFooter.m */ = {isa = PBXFileReference; fileEncoding = 4; lastKnownFileType = sourcecode.c.objc; path = MJRefreshFooter.m; sourceTree = "<group>"; };
		39027B7A1CA407AC00559394 /* MJRefreshHeader.h */ = {isa = PBXFileReference; fileEncoding = 4; lastKnownFileType = sourcecode.c.h; path = MJRefreshHeader.h; sourceTree = "<group>"; };
		39027B7B1CA407AC00559394 /* MJRefreshHeader.m */ = {isa = PBXFileReference; fileEncoding = 4; lastKnownFileType = sourcecode.c.objc; path = MJRefreshHeader.m; sourceTree = "<group>"; };
		39027B7F1CA407AC00559394 /* MJRefreshAutoGifFooter.h */ = {isa = PBXFileReference; fileEncoding = 4; lastKnownFileType = sourcecode.c.h; path = MJRefreshAutoGifFooter.h; sourceTree = "<group>"; };
		39027B801CA407AC00559394 /* MJRefreshAutoGifFooter.m */ = {isa = PBXFileReference; fileEncoding = 4; lastKnownFileType = sourcecode.c.objc; path = MJRefreshAutoGifFooter.m; sourceTree = "<group>"; };
		39027B811CA407AC00559394 /* MJRefreshAutoNormalFooter.h */ = {isa = PBXFileReference; fileEncoding = 4; lastKnownFileType = sourcecode.c.h; path = MJRefreshAutoNormalFooter.h; sourceTree = "<group>"; };
		39027B821CA407AC00559394 /* MJRefreshAutoNormalFooter.m */ = {isa = PBXFileReference; fileEncoding = 4; lastKnownFileType = sourcecode.c.objc; path = MJRefreshAutoNormalFooter.m; sourceTree = "<group>"; };
		39027B831CA407AC00559394 /* MJRefreshAutoStateFooter.h */ = {isa = PBXFileReference; fileEncoding = 4; lastKnownFileType = sourcecode.c.h; path = MJRefreshAutoStateFooter.h; sourceTree = "<group>"; };
		39027B841CA407AC00559394 /* MJRefreshAutoStateFooter.m */ = {isa = PBXFileReference; fileEncoding = 4; lastKnownFileType = sourcecode.c.objc; path = MJRefreshAutoStateFooter.m; sourceTree = "<group>"; };
		39027B861CA407AC00559394 /* MJRefreshBackGifFooter.h */ = {isa = PBXFileReference; fileEncoding = 4; lastKnownFileType = sourcecode.c.h; path = MJRefreshBackGifFooter.h; sourceTree = "<group>"; };
		39027B871CA407AC00559394 /* MJRefreshBackGifFooter.m */ = {isa = PBXFileReference; fileEncoding = 4; lastKnownFileType = sourcecode.c.objc; path = MJRefreshBackGifFooter.m; sourceTree = "<group>"; };
		39027B881CA407AC00559394 /* MJRefreshBackNormalFooter.h */ = {isa = PBXFileReference; fileEncoding = 4; lastKnownFileType = sourcecode.c.h; path = MJRefreshBackNormalFooter.h; sourceTree = "<group>"; };
		39027B891CA407AC00559394 /* MJRefreshBackNormalFooter.m */ = {isa = PBXFileReference; fileEncoding = 4; lastKnownFileType = sourcecode.c.objc; path = MJRefreshBackNormalFooter.m; sourceTree = "<group>"; };
		39027B8A1CA407AC00559394 /* MJRefreshBackStateFooter.h */ = {isa = PBXFileReference; fileEncoding = 4; lastKnownFileType = sourcecode.c.h; path = MJRefreshBackStateFooter.h; sourceTree = "<group>"; };
		39027B8B1CA407AC00559394 /* MJRefreshBackStateFooter.m */ = {isa = PBXFileReference; fileEncoding = 4; lastKnownFileType = sourcecode.c.objc; path = MJRefreshBackStateFooter.m; sourceTree = "<group>"; };
		39027B8D1CA407AC00559394 /* MJRefreshGifHeader.h */ = {isa = PBXFileReference; fileEncoding = 4; lastKnownFileType = sourcecode.c.h; path = MJRefreshGifHeader.h; sourceTree = "<group>"; };
		39027B8E1CA407AC00559394 /* MJRefreshGifHeader.m */ = {isa = PBXFileReference; fileEncoding = 4; lastKnownFileType = sourcecode.c.objc; path = MJRefreshGifHeader.m; sourceTree = "<group>"; };
		39027B8F1CA407AC00559394 /* MJRefreshNormalHeader.h */ = {isa = PBXFileReference; fileEncoding = 4; lastKnownFileType = sourcecode.c.h; path = MJRefreshNormalHeader.h; sourceTree = "<group>"; };
		39027B901CA407AC00559394 /* MJRefreshNormalHeader.m */ = {isa = PBXFileReference; fileEncoding = 4; lastKnownFileType = sourcecode.c.objc; path = MJRefreshNormalHeader.m; sourceTree = "<group>"; };
		39027B911CA407AC00559394 /* MJRefreshStateHeader.h */ = {isa = PBXFileReference; fileEncoding = 4; lastKnownFileType = sourcecode.c.h; path = MJRefreshStateHeader.h; sourceTree = "<group>"; };
		39027B921CA407AC00559394 /* MJRefreshStateHeader.m */ = {isa = PBXFileReference; fileEncoding = 4; lastKnownFileType = sourcecode.c.objc; path = MJRefreshStateHeader.m; sourceTree = "<group>"; };
		39027B931CA407AC00559394 /* MJRefresh.bundle */ = {isa = PBXFileReference; lastKnownFileType = "wrapper.plug-in"; path = MJRefresh.bundle; sourceTree = "<group>"; };
		39027B941CA407AC00559394 /* MJRefresh.h */ = {isa = PBXFileReference; fileEncoding = 4; lastKnownFileType = sourcecode.c.h; path = MJRefresh.h; sourceTree = "<group>"; };
		39027B951CA407AC00559394 /* MJRefreshConst.h */ = {isa = PBXFileReference; fileEncoding = 4; lastKnownFileType = sourcecode.c.h; path = MJRefreshConst.h; sourceTree = "<group>"; };
		39027B961CA407AC00559394 /* MJRefreshConst.m */ = {isa = PBXFileReference; fileEncoding = 4; lastKnownFileType = sourcecode.c.objc; path = MJRefreshConst.m; sourceTree = "<group>"; };
		39027B971CA407AC00559394 /* UIScrollView+MJExtension.h */ = {isa = PBXFileReference; fileEncoding = 4; lastKnownFileType = sourcecode.c.h; path = "UIScrollView+MJExtension.h"; sourceTree = "<group>"; };
		39027B981CA407AC00559394 /* UIScrollView+MJExtension.m */ = {isa = PBXFileReference; fileEncoding = 4; lastKnownFileType = sourcecode.c.objc; path = "UIScrollView+MJExtension.m"; sourceTree = "<group>"; };
		39027B991CA407AC00559394 /* UIScrollView+MJRefresh.h */ = {isa = PBXFileReference; fileEncoding = 4; lastKnownFileType = sourcecode.c.h; path = "UIScrollView+MJRefresh.h"; sourceTree = "<group>"; };
		39027B9A1CA407AC00559394 /* UIScrollView+MJRefresh.m */ = {isa = PBXFileReference; fileEncoding = 4; lastKnownFileType = sourcecode.c.objc; path = "UIScrollView+MJRefresh.m"; sourceTree = "<group>"; };
		39027B9B1CA407AC00559394 /* UIView+MJExtension.h */ = {isa = PBXFileReference; fileEncoding = 4; lastKnownFileType = sourcecode.c.h; path = "UIView+MJExtension.h"; sourceTree = "<group>"; };
		39027B9C1CA407AC00559394 /* UIView+MJExtension.m */ = {isa = PBXFileReference; fileEncoding = 4; lastKnownFileType = sourcecode.c.objc; path = "UIView+MJExtension.m"; sourceTree = "<group>"; };
/* End PBXFileReference section */

/* Begin PBXFrameworksBuildPhase section */
		39027B2B1CA3C23A00559394 /* Frameworks */ = {
			isa = PBXFrameworksBuildPhase;
			buildActionMask = 2147483647;
			files = (
			);
			runOnlyForDeploymentPostprocessing = 0;
		};
		39027B441CA3C23B00559394 /* Frameworks */ = {
			isa = PBXFrameworksBuildPhase;
			buildActionMask = 2147483647;
			files = (
			);
			runOnlyForDeploymentPostprocessing = 0;
		};
		39027B4F1CA3C23B00559394 /* Frameworks */ = {
			isa = PBXFrameworksBuildPhase;
			buildActionMask = 2147483647;
			files = (
			);
			runOnlyForDeploymentPostprocessing = 0;
		};
/* End PBXFrameworksBuildPhase section */

/* Begin PBXGroup section */
		39027B251CA3C23A00559394 = {
			isa = PBXGroup;
			children = (
				39027B301CA3C23B00559394 /* 鲜闻基础架构-Demo */,
				39027B4A1CA3C23B00559394 /* 鲜闻基础架构-DemoTests */,
				39027B551CA3C23B00559394 /* 鲜闻基础架构-DemoUITests */,
				39027B2F1CA3C23A00559394 /* Products */,
			);
			sourceTree = "<group>";
		};
		39027B2F1CA3C23A00559394 /* Products */ = {
			isa = PBXGroup;
			children = (
				39027B2E1CA3C23A00559394 /* 鲜闻基础架构-Demo.app */,
				39027B471CA3C23B00559394 /* 鲜闻基础架构-DemoTests.xctest */,
				39027B521CA3C23B00559394 /* 鲜闻基础架构-DemoUITests.xctest */,
			);
			name = Products;
			sourceTree = "<group>";
		};
		39027B301CA3C23B00559394 /* 鲜闻基础架构-Demo */ = {
			isa = PBXGroup;
			children = (
				39027B701CA407AC00559394 /* MJRefresh */,
				39027B341CA3C23B00559394 /* AppDelegate.h */,
				39027B351CA3C23B00559394 /* AppDelegate.m */,
				39027B371CA3C23B00559394 /* ViewController.h */,
				39027B381CA3C23B00559394 /* ViewController.m */,
				39027B641CA3C27D00559394 /* MNTopTitleBar.h */,
				39027B651CA3C27D00559394 /* MNTopTitleBar.m */,
				39027B6A1CA3F08100559394 /* YJTabPageView.h */,
				39027B6B1CA3F08100559394 /* YJTabPageView.m */,
				39027B6D1CA3F0BB00559394 /* YJTestViewController.h */,
				39027B6E1CA3F0BB00559394 /* YJTestViewController.m */,
				39027B671CA3C45600559394 /* UIView+Extension.h */,
				39027B681CA3C45600559394 /* UIView+Extension.m */,
				39027B3A1CA3C23B00559394 /* Main.storyboard */,
				39027B3D1CA3C23B00559394 /* Assets.xcassets */,
				39027B3F1CA3C23B00559394 /* LaunchScreen.storyboard */,
				39027B421CA3C23B00559394 /* Info.plist */,
				39027B311CA3C23B00559394 /* Supporting Files */,
			);
			path = "鲜闻基础架构-Demo";
			sourceTree = "<group>";
		};
		39027B311CA3C23B00559394 /* Supporting Files */ = {
			isa = PBXGroup;
			children = (
				39027B321CA3C23B00559394 /* main.m */,
			);
			name = "Supporting Files";
			sourceTree = "<group>";
		};
		39027B4A1CA3C23B00559394 /* 鲜闻基础架构-DemoTests */ = {
			isa = PBXGroup;
			children = (
				39027B4B1CA3C23B00559394 /* _______DemoTests.m */,
				39027B4D1CA3C23B00559394 /* Info.plist */,
			);
			path = "鲜闻基础架构-DemoTests";
			sourceTree = "<group>";
		};
		39027B551CA3C23B00559394 /* 鲜闻基础架构-DemoUITests */ = {
			isa = PBXGroup;
			children = (
				39027B561CA3C23B00559394 /* _______DemoUITests.m */,
				39027B581CA3C23B00559394 /* Info.plist */,
			);
			path = "鲜闻基础架构-DemoUITests";
			sourceTree = "<group>";
		};
		39027B701CA407AC00559394 /* MJRefresh */ = {
			isa = PBXGroup;
			children = (
				39027B711CA407AC00559394 /* Base */,
				39027B7C1CA407AC00559394 /* Custom */,
				39027B931CA407AC00559394 /* MJRefresh.bundle */,
				39027B941CA407AC00559394 /* MJRefresh.h */,
				39027B951CA407AC00559394 /* MJRefreshConst.h */,
				39027B961CA407AC00559394 /* MJRefreshConst.m */,
				39027B971CA407AC00559394 /* UIScrollView+MJExtension.h */,
				39027B981CA407AC00559394 /* UIScrollView+MJExtension.m */,
				39027B991CA407AC00559394 /* UIScrollView+MJRefresh.h */,
				39027B9A1CA407AC00559394 /* UIScrollView+MJRefresh.m */,
				39027B9B1CA407AC00559394 /* UIView+MJExtension.h */,
				39027B9C1CA407AC00559394 /* UIView+MJExtension.m */,
			);
			path = MJRefresh;
			sourceTree = "<group>";
		};
		39027B711CA407AC00559394 /* Base */ = {
			isa = PBXGroup;
			children = (
				39027B721CA407AC00559394 /* MJRefreshAutoFooter.h */,
				39027B731CA407AC00559394 /* MJRefreshAutoFooter.m */,
				39027B741CA407AC00559394 /* MJRefreshBackFooter.h */,
				39027B751CA407AC00559394 /* MJRefreshBackFooter.m */,
				39027B761CA407AC00559394 /* MJRefreshComponent.h */,
				39027B771CA407AC00559394 /* MJRefreshComponent.m */,
				39027B781CA407AC00559394 /* MJRefreshFooter.h */,
				39027B791CA407AC00559394 /* MJRefreshFooter.m */,
				39027B7A1CA407AC00559394 /* MJRefreshHeader.h */,
				39027B7B1CA407AC00559394 /* MJRefreshHeader.m */,
			);
			path = Base;
			sourceTree = "<group>";
		};
		39027B7C1CA407AC00559394 /* Custom */ = {
			isa = PBXGroup;
			children = (
				39027B7D1CA407AC00559394 /* Footer */,
				39027B8C1CA407AC00559394 /* Header */,
			);
			path = Custom;
			sourceTree = "<group>";
		};
		39027B7D1CA407AC00559394 /* Footer */ = {
			isa = PBXGroup;
			children = (
				39027B7E1CA407AC00559394 /* Auto */,
				39027B851CA407AC00559394 /* Back */,
			);
			path = Footer;
			sourceTree = "<group>";
		};
		39027B7E1CA407AC00559394 /* Auto */ = {
			isa = PBXGroup;
			children = (
				39027B7F1CA407AC00559394 /* MJRefreshAutoGifFooter.h */,
				39027B801CA407AC00559394 /* MJRefreshAutoGifFooter.m */,
				39027B811CA407AC00559394 /* MJRefreshAutoNormalFooter.h */,
				39027B821CA407AC00559394 /* MJRefreshAutoNormalFooter.m */,
				39027B831CA407AC00559394 /* MJRefreshAutoStateFooter.h */,
				39027B841CA407AC00559394 /* MJRefreshAutoStateFooter.m */,
			);
			path = Auto;
			sourceTree = "<group>";
		};
		39027B851CA407AC00559394 /* Back */ = {
			isa = PBXGroup;
			children = (
				39027B861CA407AC00559394 /* MJRefreshBackGifFooter.h */,
				39027B871CA407AC00559394 /* MJRefreshBackGifFooter.m */,
				39027B881CA407AC00559394 /* MJRefreshBackNormalFooter.h */,
				39027B891CA407AC00559394 /* MJRefreshBackNormalFooter.m */,
				39027B8A1CA407AC00559394 /* MJRefreshBackStateFooter.h */,
				39027B8B1CA407AC00559394 /* MJRefreshBackStateFooter.m */,
			);
			path = Back;
			sourceTree = "<group>";
		};
		39027B8C1CA407AC00559394 /* Header */ = {
			isa = PBXGroup;
			children = (
				39027B8D1CA407AC00559394 /* MJRefreshGifHeader.h */,
				39027B8E1CA407AC00559394 /* MJRefreshGifHeader.m */,
				39027B8F1CA407AC00559394 /* MJRefreshNormalHeader.h */,
				39027B901CA407AC00559394 /* MJRefreshNormalHeader.m */,
				39027B911CA407AC00559394 /* MJRefreshStateHeader.h */,
				39027B921CA407AC00559394 /* MJRefreshStateHeader.m */,
			);
			path = Header;
			sourceTree = "<group>";
		};
/* End PBXGroup section */

/* Begin PBXNativeTarget section */
		39027B2D1CA3C23A00559394 /* 鲜闻基础架构-Demo */ = {
			isa = PBXNativeTarget;
			buildConfigurationList = 39027B5B1CA3C23B00559394 /* Build configuration list for PBXNativeTarget "鲜闻基础架构-Demo" */;
			buildPhases = (
				39027B2A1CA3C23A00559394 /* Sources */,
				39027B2B1CA3C23A00559394 /* Frameworks */,
				39027B2C1CA3C23A00559394 /* Resources */,
			);
			buildRules = (
			);
			dependencies = (
			);
			name = "鲜闻基础架构-Demo";
			productName = "鲜闻基础架构-Demo";
			productReference = 39027B2E1CA3C23A00559394 /* 鲜闻基础架构-Demo.app */;
			productType = "com.apple.product-type.application";
		};
		39027B461CA3C23B00559394 /* 鲜闻基础架构-DemoTests */ = {
			isa = PBXNativeTarget;
			buildConfigurationList = 39027B5E1CA3C23B00559394 /* Build configuration list for PBXNativeTarget "鲜闻基础架构-DemoTests" */;
			buildPhases = (
				39027B431CA3C23B00559394 /* Sources */,
				39027B441CA3C23B00559394 /* Frameworks */,
				39027B451CA3C23B00559394 /* Resources */,
			);
			buildRules = (
			);
			dependencies = (
				39027B491CA3C23B00559394 /* PBXTargetDependency */,
			);
			name = "鲜闻基础架构-DemoTests";
			productName = "鲜闻基础架构-DemoTests";
			productReference = 39027B471CA3C23B00559394 /* 鲜闻基础架构-DemoTests.xctest */;
			productType = "com.apple.product-type.bundle.unit-test";
		};
		39027B511CA3C23B00559394 /* 鲜闻基础架构-DemoUITests */ = {
			isa = PBXNativeTarget;
			buildConfigurationList = 39027B611CA3C23B00559394 /* Build configuration list for PBXNativeTarget "鲜闻基础架构-DemoUITests" */;
			buildPhases = (
				39027B4E1CA3C23B00559394 /* Sources */,
				39027B4F1CA3C23B00559394 /* Frameworks */,
				39027B501CA3C23B00559394 /* Resources */,
			);
			buildRules = (
			);
			dependencies = (
				39027B541CA3C23B00559394 /* PBXTargetDependency */,
			);
			name = "鲜闻基础架构-DemoUITests";
			productName = "鲜闻基础架构-DemoUITests";
			productReference = 39027B521CA3C23B00559394 /* 鲜闻基础架构-DemoUITests.xctest */;
			productType = "com.apple.product-type.bundle.ui-testing";
		};
/* End PBXNativeTarget section */

/* Begin PBXProject section */
		39027B261CA3C23A00559394 /* Project object */ = {
			isa = PBXProject;
			attributes = {
				LastUpgradeCheck = 0720;
				ORGANIZATIONNAME = yj;
				TargetAttributes = {
					39027B2D1CA3C23A00559394 = {
						CreatedOnToolsVersion = 7.2.1;
						DevelopmentTeam = 25ZBBZ27CF;
					};
					39027B461CA3C23B00559394 = {
						CreatedOnToolsVersion = 7.2.1;
						DevelopmentTeam = 25ZBBZ27CF;
						TestTargetID = 39027B2D1CA3C23A00559394;
					};
					39027B511CA3C23B00559394 = {
						CreatedOnToolsVersion = 7.2.1;
						DevelopmentTeam = 25ZBBZ27CF;
						TestTargetID = 39027B2D1CA3C23A00559394;
					};
				};
			};
			buildConfigurationList = 39027B291CA3C23A00559394 /* Build configuration list for PBXProject "鲜闻基础架构-Demo" */;
			compatibilityVersion = "Xcode 3.2";
			developmentRegion = English;
			hasScannedForEncodings = 0;
			knownRegions = (
				en,
				Base,
			);
			mainGroup = 39027B251CA3C23A00559394;
			productRefGroup = 39027B2F1CA3C23A00559394 /* Products */;
			projectDirPath = "";
			projectRoot = "";
			targets = (
				39027B2D1CA3C23A00559394 /* 鲜闻基础架构-Demo */,
				39027B461CA3C23B00559394 /* 鲜闻基础架构-DemoTests */,
				39027B511CA3C23B00559394 /* 鲜闻基础架构-DemoUITests */,
			);
		};
/* End PBXProject section */

/* Begin PBXResourcesBuildPhase section */
		39027B2C1CA3C23A00559394 /* Resources */ = {
			isa = PBXResourcesBuildPhase;
			buildActionMask = 2147483647;
			files = (
				39027B411CA3C23B00559394 /* LaunchScreen.storyboard in Resources */,
				39027B3E1CA3C23B00559394 /* Assets.xcassets in Resources */,
				39027BAB1CA407AC00559394 /* MJRefresh.bundle in Resources */,
				39027B3C1CA3C23B00559394 /* Main.storyboard in Resources */,
			);
			runOnlyForDeploymentPostprocessing = 0;
		};
		39027B451CA3C23B00559394 /* Resources */ = {
			isa = PBXResourcesBuildPhase;
			buildActionMask = 2147483647;
			files = (
			);
			runOnlyForDeploymentPostprocessing = 0;
		};
		39027B501CA3C23B00559394 /* Resources */ = {
			isa = PBXResourcesBuildPhase;
			buildActionMask = 2147483647;
			files = (
			);
			runOnlyForDeploymentPostprocessing = 0;
		};
/* End PBXResourcesBuildPhase section */

/* Begin PBXSourcesBuildPhase section */
		39027B2A1CA3C23A00559394 /* Sources */ = {
			isa = PBXSourcesBuildPhase;
			buildActionMask = 2147483647;
			files = (
				39027B6F1CA3F0BB00559394 /* YJTestViewController.m in Sources */,
				39027BA01CA407AC00559394 /* MJRefreshFooter.m in Sources */,
				39027BA41CA407AC00559394 /* MJRefreshAutoStateFooter.m in Sources */,
				39027B691CA3C45600559394 /* UIView+Extension.m in Sources */,
				39027B9F1CA407AC00559394 /* MJRefreshComponent.m in Sources */,
				39027BA21CA407AC00559394 /* MJRefreshAutoGifFooter.m in Sources */,
				39027BA91CA407AC00559394 /* MJRefreshNormalHeader.m in Sources */,
				39027BAD1CA407AC00559394 /* UIScrollView+MJExtension.m in Sources */,
				39027BA61CA407AC00559394 /* MJRefreshBackNormalFooter.m in Sources */,
				39027BAC1CA407AC00559394 /* MJRefreshConst.m in Sources */,
				39027BA31CA407AC00559394 /* MJRefreshAutoNormalFooter.m in Sources */,
				39027BA71CA407AC00559394 /* MJRefreshBackStateFooter.m in Sources */,
				39027B391CA3C23B00559394 /* ViewController.m in Sources */,
				39027B361CA3C23B00559394 /* AppDelegate.m in Sources */,
				39027BA81CA407AC00559394 /* MJRefreshGifHeader.m in Sources */,
				39027B331CA3C23B00559394 /* main.m in Sources */,
				39027BAF1CA407AC00559394 /* UIView+MJExtension.m in Sources */,
				39027BA11CA407AC00559394 /* MJRefreshHeader.m in Sources */,
				39027B6C1CA3F08100559394 /* YJTabPageView.m in Sources */,
				39027BAA1CA407AC00559394 /* MJRefreshStateHeader.m in Sources */,
				39027B9E1CA407AC00559394 /* MJRefreshBackFooter.m in Sources */,
				39027BAE1CA407AC00559394 /* UIScrollView+MJRefresh.m in Sources */,
				39027B9D1CA407AC00559394 /* MJRefreshAutoFooter.m in Sources */,
				39027B661CA3C27D00559394 /* MNTopTitleBar.m in Sources */,
				39027BA51CA407AC00559394 /* MJRefreshBackGifFooter.m in Sources */,
			);
			runOnlyForDeploymentPostprocessing = 0;
		};
		39027B431CA3C23B00559394 /* Sources */ = {
			isa = PBXSourcesBuildPhase;
			buildActionMask = 2147483647;
			files = (
				39027B4C1CA3C23B00559394 /* _______DemoTests.m in Sources */,
			);
			runOnlyForDeploymentPostprocessing = 0;
		};
		39027B4E1CA3C23B00559394 /* Sources */ = {
			isa = PBXSourcesBuildPhase;
			buildActionMask = 2147483647;
			files = (
				39027B571CA3C23B00559394 /* _______DemoUITests.m in Sources */,
			);
			runOnlyForDeploymentPostprocessing = 0;
		};
/* End PBXSourcesBuildPhase section */

/* Begin PBXTargetDependency section */
		39027B491CA3C23B00559394 /* PBXTargetDependency */ = {
			isa = PBXTargetDependency;
			target = 39027B2D1CA3C23A00559394 /* 鲜闻基础架构-Demo */;
			targetProxy = 39027B481CA3C23B00559394 /* PBXContainerItemProxy */;
		};
		39027B541CA3C23B00559394 /* PBXTargetDependency */ = {
			isa = PBXTargetDependency;
			target = 39027B2D1CA3C23A00559394 /* 鲜闻基础架构-Demo */;
			targetProxy = 39027B531CA3C23B00559394 /* PBXContainerItemProxy */;
		};
/* End PBXTargetDependency section */

/* Begin PBXVariantGroup section */
		39027B3A1CA3C23B00559394 /* Main.storyboard */ = {
			isa = PBXVariantGroup;
			children = (
				39027B3B1CA3C23B00559394 /* Base */,
			);
			name = Main.storyboard;
			sourceTree = "<group>";
		};
		39027B3F1CA3C23B00559394 /* LaunchScreen.storyboard */ = {
			isa = PBXVariantGroup;
			children = (
				39027B401CA3C23B00559394 /* Base */,
			);
			name = LaunchScreen.storyboard;
			sourceTree = "<group>";
		};
/* End PBXVariantGroup section */

/* Begin XCBuildConfiguration section */
		39027B591CA3C23B00559394 /* Debug */ = {
			isa = XCBuildConfiguration;
			buildSettings = {
				ALWAYS_SEARCH_USER_PATHS = NO;
				CLANG_CXX_LANGUAGE_STANDARD = "gnu++0x";
				CLANG_CXX_LIBRARY = "libc++";
				CLANG_ENABLE_MODULES = YES;
				CLANG_ENABLE_OBJC_ARC = YES;
				CLANG_WARN_BOOL_CONVERSION = YES;
				CLANG_WARN_CONSTANT_CONVERSION = YES;
				CLANG_WARN_DIRECT_OBJC_ISA_USAGE = YES_ERROR;
				CLANG_WARN_EMPTY_BODY = YES;
				CLANG_WARN_ENUM_CONVERSION = YES;
				CLANG_WARN_INT_CONVERSION = YES;
				CLANG_WARN_OBJC_ROOT_CLASS = YES_ERROR;
				CLANG_WARN_UNREACHABLE_CODE = YES;
				CLANG_WARN__DUPLICATE_METHOD_MATCH = YES;
				"CODE_SIGN_IDENTITY[sdk=iphoneos*]" = "iPhone Developer";
				COPY_PHASE_STRIP = NO;
				DEBUG_INFORMATION_FORMAT = dwarf;
				ENABLE_STRICT_OBJC_MSGSEND = YES;
				ENABLE_TESTABILITY = YES;
				GCC_C_LANGUAGE_STANDARD = gnu99;
				GCC_DYNAMIC_NO_PIC = NO;
				GCC_NO_COMMON_BLOCKS = YES;
				GCC_OPTIMIZATION_LEVEL = 0;
				GCC_PREPROCESSOR_DEFINITIONS = (
					"DEBUG=1",
					"$(inherited)",
				);
				GCC_WARN_64_TO_32_BIT_CONVERSION = YES;
				GCC_WARN_ABOUT_RETURN_TYPE = YES_ERROR;
				GCC_WARN_UNDECLARED_SELECTOR = YES;
				GCC_WARN_UNINITIALIZED_AUTOS = YES_AGGRESSIVE;
				GCC_WARN_UNUSED_FUNCTION = YES;
				GCC_WARN_UNUSED_VARIABLE = YES;
				IPHONEOS_DEPLOYMENT_TARGET = 9.2;
				MTL_ENABLE_DEBUG_INFO = YES;
				ONLY_ACTIVE_ARCH = YES;
				SDKROOT = iphoneos;
				TARGETED_DEVICE_FAMILY = "1,2";
			};
			name = Debug;
		};
		39027B5A1CA3C23B00559394 /* Release */ = {
			isa = XCBuildConfiguration;
			buildSettings = {
				ALWAYS_SEARCH_USER_PATHS = NO;
				CLANG_CXX_LANGUAGE_STANDARD = "gnu++0x";
				CLANG_CXX_LIBRARY = "libc++";
				CLANG_ENABLE_MODULES = YES;
				CLANG_ENABLE_OBJC_ARC = YES;
				CLANG_WARN_BOOL_CONVERSION = YES;
				CLANG_WARN_CONSTANT_CONVERSION = YES;
				CLANG_WARN_DIRECT_OBJC_ISA_USAGE = YES_ERROR;
				CLANG_WARN_EMPTY_BODY = YES;
				CLANG_WARN_ENUM_CONVERSION = YES;
				CLANG_WARN_INT_CONVERSION = YES;
				CLANG_WARN_OBJC_ROOT_CLASS = YES_ERROR;
				CLANG_WARN_UNREACHABLE_CODE = YES;
				CLANG_WARN__DUPLICATE_METHOD_MATCH = YES;
				"CODE_SIGN_IDENTITY[sdk=iphoneos*]" = "iPhone Developer";
				COPY_PHASE_STRIP = NO;
				DEBUG_INFORMATION_FORMAT = "dwarf-with-dsym";
				ENABLE_NS_ASSERTIONS = NO;
				ENABLE_STRICT_OBJC_MSGSEND = YES;
				GCC_C_LANGUAGE_STANDARD = gnu99;
				GCC_NO_COMMON_BLOCKS = YES;
				GCC_WARN_64_TO_32_BIT_CONVERSION = YES;
				GCC_WARN_ABOUT_RETURN_TYPE = YES_ERROR;
				GCC_WARN_UNDECLARED_SELECTOR = YES;
				GCC_WARN_UNINITIALIZED_AUTOS = YES_AGGRESSIVE;
				GCC_WARN_UNUSED_FUNCTION = YES;
				GCC_WARN_UNUSED_VARIABLE = YES;
				IPHONEOS_DEPLOYMENT_TARGET = 9.2;
				MTL_ENABLE_DEBUG_INFO = NO;
				SDKROOT = iphoneos;
				TARGETED_DEVICE_FAMILY = "1,2";
				VALIDATE_PRODUCT = YES;
			};
			name = Release;
		};
		39027B5C1CA3C23B00559394 /* Debug */ = {
			isa = XCBuildConfiguration;
			buildSettings = {
				ASSETCATALOG_COMPILER_APPICON_NAME = AppIcon;
				INFOPLIST_FILE = "鲜闻基础架构-Demo/Info.plist";
				LD_RUNPATH_SEARCH_PATHS = "$(inherited) @executable_path/Frameworks";
				PRODUCT_BUNDLE_IDENTIFIER = "com.aimeishuju.-------Demo";
				PRODUCT_NAME = "$(TARGET_NAME)";
			};
			name = Debug;
		};
		39027B5D1CA3C23B00559394 /* Release */ = {
			isa = XCBuildConfiguration;
			buildSettings = {
				ASSETCATALOG_COMPILER_APPICON_NAME = AppIcon;
				INFOPLIST_FILE = "鲜闻基础架构-Demo/Info.plist";
				LD_RUNPATH_SEARCH_PATHS = "$(inherited) @executable_path/Frameworks";
				PRODUCT_BUNDLE_IDENTIFIER = "com.aimeishuju.-------Demo";
				PRODUCT_NAME = "$(TARGET_NAME)";
			};
			name = Release;
		};
		39027B5F1CA3C23B00559394 /* Debug */ = {
			isa = XCBuildConfiguration;
			buildSettings = {
				BUNDLE_LOADER = "$(TEST_HOST)";
				INFOPLIST_FILE = "鲜闻基础架构-DemoTests/Info.plist";
				LD_RUNPATH_SEARCH_PATHS = "$(inherited) @executable_path/Frameworks @loader_path/Frameworks";
				PRODUCT_BUNDLE_IDENTIFIER = "com.aimeishuju.-------DemoTests";
				PRODUCT_NAME = "$(TARGET_NAME)";
				TEST_HOST = "$(BUILT_PRODUCTS_DIR)/鲜闻基础架构-Demo.app/鲜闻基础架构-Demo";
			};
			name = Debug;
		};
		39027B601CA3C23B00559394 /* Release */ = {
			isa = XCBuildConfiguration;
			buildSettings = {
				BUNDLE_LOADER = "$(TEST_HOST)";
				INFOPLIST_FILE = "鲜闻基础架构-DemoTests/Info.plist";
				LD_RUNPATH_SEARCH_PATHS = "$(inherited) @executable_path/Frameworks @loader_path/Frameworks";
				PRODUCT_BUNDLE_IDENTIFIER = "com.aimeishuju.-------DemoTests";
				PRODUCT_NAME = "$(TARGET_NAME)";
				TEST_HOST = "$(BUILT_PRODUCTS_DIR)/鲜闻基础架构-Demo.app/鲜闻基础架构-Demo";
			};
			name = Release;
		};
		39027B621CA3C23B00559394 /* Debug */ = {
			isa = XCBuildConfiguration;
			buildSettings = {
				INFOPLIST_FILE = "鲜闻基础架构-DemoUITests/Info.plist";
				LD_RUNPATH_SEARCH_PATHS = "$(inherited) @executable_path/Frameworks @loader_path/Frameworks";
				PRODUCT_BUNDLE_IDENTIFIER = "com.aimeishuju.-------DemoUITests";
				PRODUCT_NAME = "$(TARGET_NAME)";
				TEST_TARGET_NAME = "鲜闻基础架构-Demo";
				USES_XCTRUNNER = YES;
			};
			name = Debug;
		};
		39027B631CA3C23B00559394 /* Release */ = {
			isa = XCBuildConfiguration;
			buildSettings = {
				INFOPLIST_FILE = "鲜闻基础架构-DemoUITests/Info.plist";
				LD_RUNPATH_SEARCH_PATHS = "$(inherited) @executable_path/Frameworks @loader_path/Frameworks";
				PRODUCT_BUNDLE_IDENTIFIER = "com.aimeishuju.-------DemoUITests";
				PRODUCT_NAME = "$(TARGET_NAME)";
				TEST_TARGET_NAME = "鲜闻基础架构-Demo";
				USES_XCTRUNNER = YES;
			};
			name = Release;
		};
/* End XCBuildConfiguration section */

/* Begin XCConfigurationList section */
		39027B291CA3C23A00559394 /* Build configuration list for PBXProject "鲜闻基础架构-Demo" */ = {
			isa = XCConfigurationList;
			buildConfigurations = (
				39027B591CA3C23B00559394 /* Debug */,
				39027B5A1CA3C23B00559394 /* Release */,
			);
			defaultConfigurationIsVisible = 0;
			defaultConfigurationName = Release;
		};
		39027B5B1CA3C23B00559394 /* Build configuration list for PBXNativeTarget "鲜闻基础架构-Demo" */ = {
			isa = XCConfigurationList;
			buildConfigurations = (
				39027B5C1CA3C23B00559394 /* Debug */,
				39027B5D1CA3C23B00559394 /* Release */,
			);
			defaultConfigurationIsVisible = 0;
		};
		39027B5E1CA3C23B00559394 /* Build configuration list for PBXNativeTarget "鲜闻基础架构-DemoTests" */ = {
			isa = XCConfigurationList;
			buildConfigurations = (
				39027B5F1CA3C23B00559394 /* Debug */,
				39027B601CA3C23B00559394 /* Release */,
			);
			defaultConfigurationIsVisible = 0;
		};
		39027B611CA3C23B00559394 /* Build configuration list for PBXNativeTarget "鲜闻基础架构-DemoUITests" */ = {
			isa = XCConfigurationList;
			buildConfigurations = (
				39027B621CA3C23B00559394 /* Debug */,
				39027B631CA3C23B00559394 /* Release */,
			);
			defaultConfigurationIsVisible = 0;
		};
/* End XCConfigurationList section */
	};
	rootObject = 39027B261CA3C23A00559394 /* Project object */;
}
